
Microsoft Visual Studio Solution File, Format Version 12.00
# Visual Studio 15
VisualStudioVersion = 15.0.27130.2036
MinimumVisualStudioVersion = 10.0.40219.1
Project("{FAE04EC0-301F-11D3-BF4B-00C04F79EFBC}") = "VA_GUI", "VA_GUI.csproj", "{FCD61296-FC4D-4759-86DF-3798988DE64D}"
EndProject
Project("{2150E333-8FDC-42A3-9474-1A3956D46DE8}") = "Solution Items", "Solution Items", "{D86AD442-E6FA-4587-83A0-EFB6E44EDD0D}"
	ProjectSection(SolutionItems) = preProject
		C:\Users\sergi\Pictures\Icons\Oo'Ol.ico = C:\Users\sergi\Pictures\Icons\Oo'Ol.ico
		C:\Users\sergi\Pictures\Icons\Oo'Oo.ico = C:\Users\sergi\Pictures\Icons\Oo'Oo.ico
	EndProjectSection
EndProject
Global
	GlobalSection(SolutionConfigurationPlatforms) = preSolution
		Debug|Any CPU = Debug|Any CPU
		Release|Any CPU = Release|Any CPU
	EndGlobalSection
	GlobalSection(ProjectConfigurationPlatforms) = postSolution
		{FCD61296-FC4D-4759-86DF-3798988DE64D}.Debug|Any CPU.ActiveCfg = Debug|Any CPU
		{FCD61296-FC4D-4759-86DF-3798988DE64D}.Debug|Any CPU.Build.0 = Debug|Any CPU
		{FCD61296-FC4D-4759-86DF-3798988DE64D}.Release|Any CPU.ActiveCfg = Release|Any CPU
		{FCD61296-FC4D-4759-86DF-3798988DE64D}.Release|Any CPU.Build.0 = Release|Any CPU
	EndGlobalSection
	GlobalSection(SolutionProperties) = preSolution
		HideSolutionNode = FALSE
	EndGlobalSection
	GlobalSection(ExtensibilityGlobals) = postSolution
		SolutionGuid = {0B98F19A-743D-4C9B-BE91-AF176A2E4931}
	EndGlobalSection
EndGlobal
